
Microsoft Visual Studio Solution File, Format Version 12.00
# Visual Studio Version 17
VisualStudioVersion = 17.14.36203.30
MinimumVisualStudioVersion = 10.0.40219.1
Project("{FAE04EC0-301F-11D3-BF4B-00C04F79EFBC}") = "NguyenDucManh_SE1884_A01_AIAPI", "NguyenDucManh_SE1884_A01_FE\NguyenDucManh_SE1884_A01_AIAPI.csproj", "{B146B71F-DABA-4634-8C28-45E34754A5A3}"
EndProject
Global
	GlobalSection(SolutionConfigurationPlatforms) = preSolution
		Debug|Any CPU = Debug|Any CPU
		Release|Any CPU = Release|Any CPU
	EndGlobalSection
	GlobalSection(ProjectConfigurationPlatforms) = postSolution
		{B146B71F-DABA-4634-8C28-45E34754A5A3}.Debug|Any CPU.ActiveCfg = Debug|Any CPU
		{B146B71F-DABA-4634-8C28-45E34754A5A3}.Debug|Any CPU.Build.0 = Debug|Any CPU
		{B146B71F-DABA-4634-8C28-45E34754A5A3}.Release|Any CPU.ActiveCfg = Release|Any CPU
		{B146B71F-DABA-4634-8C28-45E34754A5A3}.Release|Any CPU.Build.0 = Release|Any CPU
	EndGlobalSection
	GlobalSection(SolutionProperties) = preSolution
		HideSolutionNode = FALSE
	EndGlobalSection
	GlobalSection(ExtensibilityGlobals) = postSolution
		SolutionGuid = {106EF4C5-9BB2-41CE-8926-1ABE424ED9B8}
	EndGlobalSection
EndGlobal
